
Microsoft Visual Studio Solution File, Format Version 12.00
# Visual Studio 15
VisualStudioVersion = 15.0.28010.2036
MinimumVisualStudioVersion = 10.0.40219.1
Project("{FAE04EC0-301F-11D3-BF4B-00C04F79EFBC}") = "BackEnd", "Backend\BackEnd.csproj", "{AC500664-1CA8-47AA-8157-C4308DC1D5E5}"
EndProject
Project("{FAE04EC0-301F-11D3-BF4B-00C04F79EFBC}") = "FrontEnd", "FrontEnd\FrontEnd.csproj", "{CEE9FF1D-6A40-4A90-A298-9B83424BC079}"
EndProject
Global
	GlobalSection(SolutionConfigurationPlatforms) = preSolution
		Debug|Any CPU = Debug|Any CPU
		Release|Any CPU = Release|Any CPU
	EndGlobalSection
	GlobalSection(ProjectConfigurationPlatforms) = postSolution
		{AC500664-1CA8-47AA-8157-C4308DC1D5E5}.Debug|Any CPU.ActiveCfg = Debug|Any CPU
		{AC500664-1CA8-47AA-8157-C4308DC1D5E5}.Debug|Any CPU.Build.0 = Debug|Any CPU
		{AC500664-1CA8-47AA-8157-C4308DC1D5E5}.Release|Any CPU.ActiveCfg = Release|Any CPU
		{AC500664-1CA8-47AA-8157-C4308DC1D5E5}.Release|Any CPU.Build.0 = Release|Any CPU
		{CEE9FF1D-6A40-4A90-A298-9B83424BC079}.Debug|Any CPU.ActiveCfg = Debug|Any CPU
		{CEE9FF1D-6A40-4A90-A298-9B83424BC079}.Debug|Any CPU.Build.0 = Debug|Any CPU
		{CEE9FF1D-6A40-4A90-A298-9B83424BC079}.Release|Any CPU.ActiveCfg = Release|Any CPU
		{CEE9FF1D-6A40-4A90-A298-9B83424BC079}.Release|Any CPU.Build.0 = Release|Any CPU
	EndGlobalSection
	GlobalSection(SolutionProperties) = preSolution
		HideSolutionNode = FALSE
	EndGlobalSection
	GlobalSection(ExtensibilityGlobals) = postSolution
		SolutionGuid = {BF0BF813-23CA-48CD-B924-95F3F4B9A65F}
	EndGlobalSection
EndGlobal
